
Microsoft Visual Studio Solution File, Format Version 12.00
# Visual Studio Version 16
VisualStudioVersion = 16.0.29020.237
MinimumVisualStudioVersion = 10.0.40219.1
Project("{FAE04EC0-301F-11D3-BF4B-00C04F79EFBC}") = "CurrencyConverter", "CurrencyConverter\CurrencyConverter.csproj", "{A66250DE-267B-4234-A8C0-38C126358F1F}"
EndProject
Global
	GlobalSection(SolutionConfigurationPlatforms) = preSolution
		Debug|Any CPU = Debug|Any CPU
		Release|Any CPU = Release|Any CPU
	EndGlobalSection
	GlobalSection(ProjectConfigurationPlatforms) = postSolution
		{A66250DE-267B-4234-A8C0-38C126358F1F}.Debug|Any CPU.ActiveCfg = Debug|Any CPU
		{A66250DE-267B-4234-A8C0-38C126358F1F}.Debug|Any CPU.Build.0 = Debug|Any CPU
		{A66250DE-267B-4234-A8C0-38C126358F1F}.Release|Any CPU.ActiveCfg = Release|Any CPU
		{A66250DE-267B-4234-A8C0-38C126358F1F}.Release|Any CPU.Build.0 = Release|Any CPU
	EndGlobalSection
	GlobalSection(SolutionProperties) = preSolution
		HideSolutionNode = FALSE
	EndGlobalSection
	GlobalSection(ExtensibilityGlobals) = postSolution
		SolutionGuid = {5ADE2830-86A4-4FF4-896C-CA085DBA5A3A}
	EndGlobalSection
EndGlobal
